// !$*UTF8*$!
{
	archiveVersion = 1;
	classes = {
	};
	objectVersion = 46;
	objects = {

/* Begin PBXBuildFile section */
		CE75B4F61EB9F8D900CD43B7 /* Minecraft.ttf in Resources */ = {isa = PBXBuildFile; fileRef = CE75B4F51EB9F8D900CD43B7 /* Minecraft.ttf */; };
		CEE558AB1EB8BF4C006D6D0D /* AppDelegate.swift in Sources */ = {isa = PBXBuildFile; fileRef = CEE558AA1EB8BF4C006D6D0D /* AppDelegate.swift */; };
		CEE558AD1EB8BF4C006D6D0D /* ViewController.swift in Sources */ = {isa = PBXBuildFile; fileRef = CEE558AC1EB8BF4C006D6D0D /* ViewController.swift */; };
		CEE558B01EB8BF4C006D6D0D /* Main.storyboard in Resources */ = {isa = PBXBuildFile; fileRef = CEE558AE1EB8BF4C006D6D0D /* Main.storyboard */; };
		CEE558B21EB8BF4C006D6D0D /* Assets.xcassets in Resources */ = {isa = PBXBuildFile; fileRef = CEE558B11EB8BF4C006D6D0D /* Assets.xcassets */; };
		CEE558B51EB8BF4C006D6D0D /* LaunchScreen.storyboard in Resources */ = {isa = PBXBuildFile; fileRef = CEE558B31EB8BF4C006D6D0D /* LaunchScreen.storyboard */; };
		CEE558C01EB8BF4C006D6D0D /* RetroCalculatorTests.swift in Sources */ = {isa = PBXBuildFile; fileRef = CEE558BF1EB8BF4C006D6D0D /* RetroCalculatorTests.swift */; };
		CEE558CB1EB8BF4C006D6D0D /* RetroCalculatorUITests.swift in Sources */ = {isa = PBXBuildFile; fileRef = CEE558CA1EB8BF4C006D6D0D /* RetroCalculatorUITests.swift */; };
/* End PBXBuildFile section */

/* Begin PBXContainerItemProxy section */
		CEE558BC1EB8BF4C006D6D0D /* PBXContainerItemProxy */ = {
			isa = PBXContainerItemProxy;
			containerPortal = CEE5589F1EB8BF4B006D6D0D /* Project object */;
			proxyType = 1;
			remoteGlobalIDString = CEE558A61EB8BF4C006D6D0D;
			remoteInfo = RetroCalculator;
		};
		CEE558C71EB8BF4C006D6D0D /* PBXContainerItemProxy */ = {
			isa = PBXContainerItemProxy;
			containerPortal = CEE5589F1EB8BF4B006D6D0D /* Project object */;
			proxyType = 1;
			remoteGlobalIDString = CEE558A61EB8BF4C006D6D0D;
			remoteInfo = RetroCalculator;
		};
/* End PBXContainerItemProxy section */

/* Begin PBXFileReference section */
		CE75B4F51EB9F8D900CD43B7 /* Minecraft.ttf */ = {isa = PBXFileReference; lastKnownFileType = file; path = Minecraft.ttf; sourceTree = "<group>"; };
		CEE558A71EB8BF4C006D6D0D /* RetroCalculator.app */ = {isa = PBXFileReference; explicitFileType = wrapper.application; includeInIndex = 0; path = RetroCalculator.app; sourceTree = BUILT_PRODUCTS_DIR; };
		CEE558AA1EB8BF4C006D6D0D /* AppDelegate.swift */ = {isa = PBXFileReference; lastKnownFileType = sourcecode.swift; path = AppDelegate.swift; sourceTree = "<group>"; };
		CEE558AC1EB8BF4C006D6D0D /* ViewController.swift */ = {isa = PBXFileReference; lastKnownFileType = sourcecode.swift; path = ViewController.swift; sourceTree = "<group>"; };
		CEE558AF1EB8BF4C006D6D0D /* Base */ = {isa = PBXFileReference; lastKnownFileType = file.storyboard; name = Base; path = Base.lproj/Main.storyboard; sourceTree = "<group>"; };
		CEE558B11EB8BF4C006D6D0D /* Assets.xcassets */ = {isa = PBXFileReference; lastKnownFileType = folder.assetcatalog; path = Assets.xcassets; sourceTree = "<group>"; };
		CEE558B41EB8BF4C006D6D0D /* Base */ = {isa = PBXFileReference; lastKnownFileType = file.storyboard; name = Base; path = Base.lproj/LaunchScreen.storyboard; sourceTree = "<group>"; };
		CEE558B61EB8BF4C006D6D0D /* Info.plist */ = {isa = PBXFileReference; lastKnownFileType = text.plist.xml; path = Info.plist; sourceTree = "<group>"; };
		CEE558BB1EB8BF4C006D6D0D /* RetroCalculatorTests.xctest */ = {isa = PBXFileReference; explicitFileType = wrapper.cfbundle; includeInIndex = 0; path = RetroCalculatorTests.xctest; sourceTree = BUILT_PRODUCTS_DIR; };
		CEE558BF1EB8BF4C006D6D0D /* RetroCalculatorTests.swift */ = {isa = PBXFileReference; lastKnownFileType = sourcecode.swift; path = RetroCalculatorTests.swift; sourceTree = "<group>"; };
		CEE558C11EB8BF4C006D6D0D /* Info.plist */ = {isa = PBXFileReference; lastKnownFileType = text.plist.xml; path = Info.plist; sourceTree = "<group>"; };
		CEE558C61EB8BF4C006D6D0D /* RetroCalculatorUITests.xctest */ = {isa = PBXFileReference; explicitFileType = wrapper.cfbundle; includeInIndex = 0; path = RetroCalculatorUITests.xctest; sourceTree = BUILT_PRODUCTS_DIR; };
		CEE558CA1EB8BF4C006D6D0D /* RetroCalculatorUITests.swift */ = {isa = PBXFileReference; lastKnownFileType = sourcecode.swift; path = RetroCalculatorUITests.swift; sourceTree = "<group>"; };
		CEE558CC1EB8BF4C006D6D0D /* Info.plist */ = {isa = PBXFileReference; lastKnownFileType = text.plist.xml; path = Info.plist; sourceTree = "<group>"; };
/* End PBXFileReference section */

/* Begin PBXFrameworksBuildPhase section */
		CEE558A41EB8BF4C006D6D0D /* Frameworks */ = {
			isa = PBXFrameworksBuildPhase;
			buildActionMask = 2147483647;
			files = (
			);
			runOnlyForDeploymentPostprocessing = 0;
		};
		CEE558B81EB8BF4C006D6D0D /* Frameworks */ = {
			isa = PBXFrameworksBuildPhase;
			buildActionMask = 2147483647;
			files = (
			);
			runOnlyForDeploymentPostprocessing = 0;
		};
		CEE558C31EB8BF4C006D6D0D /* Frameworks */ = {
			isa = PBXFrameworksBuildPhase;
			buildActionMask = 2147483647;
			files = (
			);
			runOnlyForDeploymentPostprocessing = 0;
		};
/* End PBXFrameworksBuildPhase section */

/* Begin PBXGroup section */
		CEE5589E1EB8BF4B006D6D0D = {
			isa = PBXGroup;
			children = (
				CEE558A91EB8BF4C006D6D0D /* RetroCalculator */,
				CEE558BE1EB8BF4C006D6D0D /* RetroCalculatorTests */,
				CEE558C91EB8BF4C006D6D0D /* RetroCalculatorUITests */,
				CEE558A81EB8BF4C006D6D0D /* Products */,
			);
			sourceTree = "<group>";
		};
		CEE558A81EB8BF4C006D6D0D /* Products */ = {
			isa = PBXGroup;
			children = (
				CEE558A71EB8BF4C006D6D0D /* RetroCalculator.app */,
				CEE558BB1EB8BF4C006D6D0D /* RetroCalculatorTests.xctest */,
				CEE558C61EB8BF4C006D6D0D /* RetroCalculatorUITests.xctest */,
			);
			name = Products;
			sourceTree = "<group>";
		};
		CEE558A91EB8BF4C006D6D0D /* RetroCalculator */ = {
			isa = PBXGroup;
			children = (
				CE75B4F51EB9F8D900CD43B7 /* Minecraft.ttf */,
				CEE558AA1EB8BF4C006D6D0D /* AppDelegate.swift */,
				CEE558AC1EB8BF4C006D6D0D /* ViewController.swift */,
				CEE558AE1EB8BF4C006D6D0D /* Main.storyboard */,
				CEE558B11EB8BF4C006D6D0D /* Assets.xcassets */,
				CEE558B31EB8BF4C006D6D0D /* LaunchScreen.storyboard */,
				CEE558B61EB8BF4C006D6D0D /* Info.plist */,
			);
			path = RetroCalculator;
			sourceTree = "<group>";
		};
		CEE558BE1EB8BF4C006D6D0D /* RetroCalculatorTests */ = {
			isa = PBXGroup;
			children = (
				CEE558BF1EB8BF4C006D6D0D /* RetroCalculatorTests.swift */,
				CEE558C11EB8BF4C006D6D0D /* Info.plist */,
			);
			path = RetroCalculatorTests;
			sourceTree = "<group>";
		};
		CEE558C91EB8BF4C006D6D0D /* RetroCalculatorUITests */ = {
			isa = PBXGroup;
			children = (
				CEE558CA1EB8BF4C006D6D0D /* RetroCalculatorUITests.swift */,
				CEE558CC1EB8BF4C006D6D0D /* Info.plist */,
			);
			path = RetroCalculatorUITests;
			sourceTree = "<group>";
		};
/* End PBXGroup section */

/* Begin PBXNativeTarget section */
		CEE558A61EB8BF4C006D6D0D /* RetroCalculator */ = {
			isa = PBXNativeTarget;
			buildConfigurationList = CEE558CF1EB8BF4C006D6D0D /* Build configuration list for PBXNativeTarget "RetroCalculator" */;
			buildPhases = (
				CEE558A31EB8BF4C006D6D0D /* Sources */,
				CEE558A41EB8BF4C006D6D0D /* Frameworks */,
				CEE558A51EB8BF4C006D6D0D /* Resources */,
			);
			buildRules = (
			);
			dependencies = (
			);
			name = RetroCalculator;
			productName = RetroCalculator;
			productReference = CEE558A71EB8BF4C006D6D0D /* RetroCalculator.app */;
			productType = "com.apple.product-type.application";
		};
		CEE558BA1EB8BF4C006D6D0D /* RetroCalculatorTests */ = {
			isa = PBXNativeTarget;
			buildConfigurationList = CEE558D21EB8BF4C006D6D0D /* Build configuration list for PBXNativeTarget "RetroCalculatorTests" */;
			buildPhases = (
				CEE558B71EB8BF4C006D6D0D /* Sources */,
				CEE558B81EB8BF4C006D6D0D /* Frameworks */,
				CEE558B91EB8BF4C006D6D0D /* Resources */,
			);
			buildRules = (
			);
			dependencies = (
				CEE558BD1EB8BF4C006D6D0D /* PBXTargetDependency */,
			);
			name = RetroCalculatorTests;
			productName = RetroCalculatorTests;
			productReference = CEE558BB1EB8BF4C006D6D0D /* RetroCalculatorTests.xctest */;
			productType = "com.apple.product-type.bundle.unit-test";
		};
		CEE558C51EB8BF4C006D6D0D /* RetroCalculatorUITests */ = {
			isa = PBXNativeTarget;
			buildConfigurationList = CEE558D51EB8BF4C006D6D0D /* Build configuration list for PBXNativeTarget "RetroCalculatorUITests" */;
			buildPhases = (
				CEE558C21EB8BF4C006D6D0D /* Sources */,
				CEE558C31EB8BF4C006D6D0D /* Frameworks */,
				CEE558C41EB8BF4C006D6D0D /* Resources */,
			);
			buildRules = (
			);
			dependencies = (
				CEE558C81EB8BF4C006D6D0D /* PBXTargetDependency */,
			);
			name = RetroCalculatorUITests;
			productName = RetroCalculatorUITests;
			productReference = CEE558C61EB8BF4C006D6D0D /* RetroCalculatorUITests.xctest */;
			productType = "com.apple.product-type.bundle.ui-testing";
		};
/* End PBXNativeTarget section */

/* Begin PBXProject section */
		CEE5589F1EB8BF4B006D6D0D /* Project object */ = {
			isa = PBXProject;
			attributes = {
				LastSwiftUpdateCheck = 0830;
				LastUpgradeCheck = 0830;
				ORGANIZATIONNAME = "Hoang Ngoc Sinh";
				TargetAttributes = {
					CEE558A61EB8BF4C006D6D0D = {
						CreatedOnToolsVersion = 8.3.2;
						DevelopmentTeam = 22EXQ63DT9;
						ProvisioningStyle = Automatic;
					};
					CEE558BA1EB8BF4C006D6D0D = {
						CreatedOnToolsVersion = 8.3.2;
						DevelopmentTeam = 22EXQ63DT9;
						ProvisioningStyle = Automatic;
						TestTargetID = CEE558A61EB8BF4C006D6D0D;
					};
					CEE558C51EB8BF4C006D6D0D = {
						CreatedOnToolsVersion = 8.3.2;
						DevelopmentTeam = 22EXQ63DT9;
						ProvisioningStyle = Automatic;
						TestTargetID = CEE558A61EB8BF4C006D6D0D;
					};
				};
			};
			buildConfigurationList = CEE558A21EB8BF4B006D6D0D /* Build configuration list for PBXProject "RetroCalculator" */;
			compatibilityVersion = "Xcode 3.2";
			developmentRegion = English;
			hasScannedForEncodings = 0;
			knownRegions = (
				en,
				Base,
			);
			mainGroup = CEE5589E1EB8BF4B006D6D0D;
			productRefGroup = CEE558A81EB8BF4C006D6D0D /* Products */;
			projectDirPath = "";
			projectRoot = "";
			targets = (
				CEE558A61EB8BF4C006D6D0D /* RetroCalculator */,
				CEE558BA1EB8BF4C006D6D0D /* RetroCalculatorTests */,
				CEE558C51EB8BF4C006D6D0D /* RetroCalculatorUITests */,
			);
		};
/* End PBXProject section */

/* Begin PBXResourcesBuildPhase section */
		CEE558A51EB8BF4C006D6D0D /* Resources */ = {
			isa = PBXResourcesBuildPhase;
			buildActionMask = 2147483647;
			files = (
				CEE558B51EB8BF4C006D6D0D /* LaunchScreen.storyboard in Resources */,
				CEE558B21EB8BF4C006D6D0D /* Assets.xcassets in Resources */,
				CE75B4F61EB9F8D900CD43B7 /* Minecraft.ttf in Resources */,
				CEE558B01EB8BF4C006D6D0D /* Main.storyboard in Resources */,
			);
			runOnlyForDeploymentPostprocessing = 0;
		};
		CEE558B91EB8BF4C006D6D0D /* Resources */ = {
			isa = PBXResourcesBuildPhase;
			buildActionMask = 2147483647;
			files = (
			);
			runOnlyForDeploymentPostprocessing = 0;
		};
		CEE558C41EB8BF4C006D6D0D /* Resources */ = {
			isa = PBXResourcesBuildPhase;
			buildActionMask = 2147483647;
			files = (
			);
			runOnlyForDeploymentPostprocessing = 0;
		};
/* End PBXResourcesBuildPhase section */

/* Begin PBXSourcesBuildPhase section */
		CEE558A31EB8BF4C006D6D0D /* Sources */ = {
			isa = PBXSourcesBuildPhase;
			buildActionMask = 2147483647;
			files = (
				CEE558AD1EB8BF4C006D6D0D /* ViewController.swift in Sources */,
				CEE558AB1EB8BF4C006D6D0D /* AppDelegate.swift in Sources */,
			);
			runOnlyForDeploymentPostprocessing = 0;
		};
		CEE558B71EB8BF4C006D6D0D /* Sources */ = {
			isa = PBXSourcesBuildPhase;
			buildActionMask = 2147483647;
			files = (
				CEE558C01EB8BF4C006D6D0D /* RetroCalculatorTests.swift in Sources */,
			);
			runOnlyForDeploymentPostprocessing = 0;
		};
		CEE558C21EB8BF4C006D6D0D /* Sources */ = {
			isa = PBXSourcesBuildPhase;
			buildActionMask = 2147483647;
			files = (
				CEE558CB1EB8BF4C006D6D0D /* RetroCalculatorUITests.swift in Sources */,
			);
			runOnlyForDeploymentPostprocessing = 0;
		};
/* End PBXSourcesBuildPhase section */

/* Begin PBXTargetDependency section */
		CEE558BD1EB8BF4C006D6D0D /* PBXTargetDependency */ = {
			isa = PBXTargetDependency;
			target = CEE558A61EB8BF4C006D6D0D /* RetroCalculator */;
			targetProxy = CEE558BC1EB8BF4C006D6D0D /* PBXContainerItemProxy */;
		};
		CEE558C81EB8BF4C006D6D0D /* PBXTargetDependency */ = {
			isa = PBXTargetDependency;
			target = CEE558A61EB8BF4C006D6D0D /* RetroCalculator */;
			targetProxy = CEE558C71EB8BF4C006D6D0D /* PBXContainerItemProxy */;
		};
/* End PBXTargetDependency section */

/* Begin PBXVariantGroup section */
		CEE558AE1EB8BF4C006D6D0D /* Main.storyboard */ = {
			isa = PBXVariantGroup;
			children = (
				CEE558AF1EB8BF4C006D6D0D /* Base */,
			);
			name = Main.storyboard;
			sourceTree = "<group>";
		};
		CEE558B31EB8BF4C006D6D0D /* LaunchScreen.storyboard */ = {
			isa = PBXVariantGroup;
			children = (
				CEE558B41EB8BF4C006D6D0D /* Base */,
			);
			name = LaunchScreen.storyboard;
			sourceTree = "<group>";
		};
/* End PBXVariantGroup section */

/* Begin XCBuildConfiguration section */
		CEE558CD1EB8BF4C006D6D0D /* Debug */ = {
			isa = XCBuildConfiguration;
			buildSettings = {
				ALWAYS_SEARCH_USER_PATHS = NO;
				CLANG_ANALYZER_NONNULL = YES;
				CLANG_ANALYZER_NUMBER_OBJECT_CONVERSION = YES_AGGRESSIVE;
				CLANG_CXX_LANGUAGE_STANDARD = "gnu++0x";
				CLANG_CXX_LIBRARY = "libc++";
				CLANG_ENABLE_MODULES = YES;
				CLANG_ENABLE_OBJC_ARC = YES;
				CLANG_WARN_BOOL_CONVERSION = YES;
				CLANG_WARN_CONSTANT_CONVERSION = YES;
				CLANG_WARN_DIRECT_OBJC_ISA_USAGE = YES_ERROR;
				CLANG_WARN_DOCUMENTATION_COMMENTS = YES;
				CLANG_WARN_EMPTY_BODY = YES;
				CLANG_WARN_ENUM_CONVERSION = YES;
				CLANG_WARN_INFINITE_RECURSION = YES;
				CLANG_WARN_INT_CONVERSION = YES;
				CLANG_WARN_OBJC_ROOT_CLASS = YES_ERROR;
				CLANG_WARN_SUSPICIOUS_MOVE = YES;
				CLANG_WARN_UNREACHABLE_CODE = YES;
				CLANG_WARN__DUPLICATE_METHOD_MATCH = YES;
				"CODE_SIGN_IDENTITY[sdk=iphoneos*]" = "iPhone Developer";
				COPY_PHASE_STRIP = NO;
				DEBUG_INFORMATION_FORMAT = dwarf;
				ENABLE_STRICT_OBJC_MSGSEND = YES;
				ENABLE_TESTABILITY = YES;
				GCC_C_LANGUAGE_STANDARD = gnu99;
				GCC_DYNAMIC_NO_PIC = NO;
				GCC_NO_COMMON_BLOCKS = YES;
				GCC_OPTIMIZATION_LEVEL = 0;
				GCC_PREPROCESSOR_DEFINITIONS = (
					"DEBUG=1",
					"$(inherited)",
				);
				GCC_WARN_64_TO_32_BIT_CONVERSION = YES;
				GCC_WARN_ABOUT_RETURN_TYPE = YES_ERROR;
				GCC_WARN_UNDECLARED_SELECTOR = YES;
				GCC_WARN_UNINITIALIZED_AUTOS = YES_AGGRESSIVE;
				GCC_WARN_UNUSED_FUNCTION = YES;
				GCC_WARN_UNUSED_VARIABLE = YES;
				IPHONEOS_DEPLOYMENT_TARGET = 10.3;
				MTL_ENABLE_DEBUG_INFO = YES;
				ONLY_ACTIVE_ARCH = YES;
				SDKROOT = iphoneos;
				SWIFT_ACTIVE_COMPILATION_CONDITIONS = DEBUG;
				SWIFT_OPTIMIZATION_LEVEL = "-Onone";
				TARGETED_DEVICE_FAMILY = "1,2";
			};
			name = Debug;
		};
		CEE558CE1EB8BF4C006D6D0D /* Release */ = {
			isa = XCBuildConfiguration;
			buildSettings = {
				ALWAYS_SEARCH_USER_PATHS = NO;
				CLANG_ANALYZER_NONNULL = YES;
				CLANG_ANALYZER_NUMBER_OBJECT_CONVERSION = YES_AGGRESSIVE;
				CLANG_CXX_LANGUAGE_STANDARD = "gnu++0x";
				CLANG_CXX_LIBRARY = "libc++";
				CLANG_ENABLE_MODULES = YES;
				CLANG_ENABLE_OBJC_ARC = YES;
				CLANG_WARN_BOOL_CONVERSION = YES;
				CLANG_WARN_CONSTANT_CONVERSION = YES;
				CLANG_WARN_DIRECT_OBJC_ISA_USAGE = YES_ERROR;
				CLANG_WARN_DOCUMENTATION_COMMENTS = YES;
				CLANG_WARN_EMPTY_BODY = YES;
				CLANG_WARN_ENUM_CONVERSION = YES;
				CLANG_WARN_INFINITE_RECURSION = YES;
				CLANG_WARN_INT_CONVERSION = YES;
				CLANG_WARN_OBJC_ROOT_CLASS = YES_ERROR;
				CLANG_WARN_SUSPICIOUS_MOVE = YES;
				CLANG_WARN_UNREACHABLE_CODE = YES;
				CLANG_WARN__DUPLICATE_METHOD_MATCH = YES;
				"CODE_SIGN_IDENTITY[sdk=iphoneos*]" = "iPhone Developer";
				COPY_PHASE_STRIP = NO;
				DEBUG_INFORMATION_FORMAT = "dwarf-with-dsym";
				ENABLE_NS_ASSERTIONS = NO;
				ENABLE_STRICT_OBJC_MSGSEND = YES;
				GCC_C_LANGUAGE_STANDARD = gnu99;
				GCC_NO_COMMON_BLOCKS = YES;
				GCC_WARN_64_TO_32_BIT_CONVERSION = YES;
				GCC_WARN_ABOUT_RETURN_TYPE = YES_ERROR;
				GCC_WARN_UNDECLARED_SELECTOR = YES;
				GCC_WARN_UNINITIALIZED_AUTOS = YES_AGGRESSIVE;
				GCC_WARN_UNUSED_FUNCTION = YES;
				GCC_WARN_UNUSED_VARIABLE = YES;
				IPHONEOS_DEPLOYMENT_TARGET = 10.3;
				MTL_ENABLE_DEBUG_INFO = NO;
				SDKROOT = iphoneos;
				SWIFT_OPTIMIZATION_LEVEL = "-Owholemodule";
				TARGETED_DEVICE_FAMILY = "1,2";
				VALIDATE_PRODUCT = YES;
			};
			name = Release;
		};
		CEE558D01EB8BF4C006D6D0D /* Debug */ = {
			isa = XCBuildConfiguration;
			buildSettings = {
				ASSETCATALOG_COMPILER_APPICON_NAME = AppIcon;
				DEVELOPMENT_TEAM = 22EXQ63DT9;
				INFOPLIST_FILE = RetroCalculator/Info.plist;
				LD_RUNPATH_SEARCH_PATHS = "$(inherited) @executable_path/Frameworks";
				PRODUCT_BUNDLE_IDENTIFIER = com.llts.RetroCalculator;
				PRODUCT_NAME = "$(TARGET_NAME)";
				SWIFT_VERSION = 3.0;
			};
			name = Debug;
		};
		CEE558D11EB8BF4C006D6D0D /* Release */ = {
			isa = XCBuildConfiguration;
			buildSettings = {
				ASSETCATALOG_COMPILER_APPICON_NAME = AppIcon;
				DEVELOPMENT_TEAM = 22EXQ63DT9;
				INFOPLIST_FILE = RetroCalculator/Info.plist;
				LD_RUNPATH_SEARCH_PATHS = "$(inherited) @executable_path/Frameworks";
				PRODUCT_BUNDLE_IDENTIFIER = com.llts.RetroCalculator;
				PRODUCT_NAME = "$(TARGET_NAME)";
				SWIFT_VERSION = 3.0;
			};
			name = Release;
		};
		CEE558D31EB8BF4C006D6D0D /* Debug */ = {
			isa = XCBuildConfiguration;
			buildSettings = {
				ALWAYS_EMBED_SWIFT_STANDARD_LIBRARIES = YES;
				BUNDLE_LOADER = "$(TEST_HOST)";
				DEVELOPMENT_TEAM = 22EXQ63DT9;
				INFOPLIST_FILE = RetroCalculatorTests/Info.plist;
				LD_RUNPATH_SEARCH_PATHS = "$(inherited) @executable_path/Frameworks @loader_path/Frameworks";
				PRODUCT_BUNDLE_IDENTIFIER = com.llts.RetroCalculatorTests;
				PRODUCT_NAME = "$(TARGET_NAME)";
				SWIFT_VERSION = 3.0;
				TEST_HOST = "$(BUILT_PRODUCTS_DIR)/RetroCalculator.app/RetroCalculator";
			};
			name = Debug;
		};
		CEE558D41EB8BF4C006D6D0D /* Release */ = {
			isa = XCBuildConfiguration;
			buildSettings = {
				ALWAYS_EMBED_SWIFT_STANDARD_LIBRARIES = YES;
				BUNDLE_LOADER = "$(TEST_HOST)";
				DEVELOPMENT_TEAM = 22EXQ63DT9;
				INFOPLIST_FILE = RetroCalculatorTests/Info.plist;
				LD_RUNPATH_SEARCH_PATHS = "$(inherited) @executable_path/Frameworks @loader_path/Frameworks";
				PRODUCT_BUNDLE_IDENTIFIER = com.llts.RetroCalculatorTests;
				PRODUCT_NAME = "$(TARGET_NAME)";
				SWIFT_VERSION = 3.0;
				TEST_HOST = "$(BUILT_PRODUCTS_DIR)/RetroCalculator.app/RetroCalculator";
			};
			name = Release;
		};
		CEE558D61EB8BF4C006D6D0D /* Debug */ = {
			isa = XCBuildConfiguration;
			buildSettings = {
				ALWAYS_EMBED_SWIFT_STANDARD_LIBRARIES = YES;
				DEVELOPMENT_TEAM = 22EXQ63DT9;
				INFOPLIST_FILE = RetroCalculatorUITests/Info.plist;
				LD_RUNPATH_SEARCH_PATHS = "$(inherited) @executable_path/Frameworks @loader_path/Frameworks";
				PRODUCT_BUNDLE_IDENTIFIER = com.llts.RetroCalculatorUITests;
				PRODUCT_NAME = "$(TARGET_NAME)";
				SWIFT_VERSION = 3.0;
				TEST_TARGET_NAME = RetroCalculator;
			};
			name = Debug;
		};
		CEE558D71EB8BF4C006D6D0D /* Release */ = {
			isa = XCBuildConfiguration;
			buildSettings = {
				ALWAYS_EMBED_SWIFT_STANDARD_LIBRARIES = YES;
				DEVELOPMENT_TEAM = 22EXQ63DT9;
				INFOPLIST_FILE = RetroCalculatorUITests/Info.plist;
				LD_RUNPATH_SEARCH_PATHS = "$(inherited) @executable_path/Frameworks @loader_path/Frameworks";
				PRODUCT_BUNDLE_IDENTIFIER = com.llts.RetroCalculatorUITests;
				PRODUCT_NAME = "$(TARGET_NAME)";
				SWIFT_VERSION = 3.0;
				TEST_TARGET_NAME = RetroCalculator;
			};
			name = Release;
		};
/* End XCBuildConfiguration section */

/* Begin XCConfigurationList section */
		CEE558A21EB8BF4B006D6D0D /* Build configuration list for PBXProject "RetroCalculator" */ = {
			isa = XCConfigurationList;
			buildConfigurations = (
				CEE558CD1EB8BF4C006D6D0D /* Debug */,
				CEE558CE1EB8BF4C006D6D0D /* Release */,
			);
			defaultConfigurationIsVisible = 0;
			defaultConfigurationName = Release;
		};
		CEE558CF1EB8BF4C006D6D0D /* Build configuration list for PBXNativeTarget "RetroCalculator" */ = {
			isa = XCConfigurationList;
			buildConfigurations = (
				CEE558D01EB8BF4C006D6D0D /* Debug */,
				CEE558D11EB8BF4C006D6D0D /* Release */,
			);
			defaultConfigurationIsVisible = 0;
			defaultConfigurationName = Release;
		};
		CEE558D21EB8BF4C006D6D0D /* Build configuration list for PBXNativeTarget "RetroCalculatorTests" */ = {
			isa = XCConfigurationList;
			buildConfigurations = (
				CEE558D31EB8BF4C006D6D0D /* Debug */,
				CEE558D41EB8BF4C006D6D0D /* Release */,
			);
			defaultConfigurationIsVisible = 0;
			defaultConfigurationName = Release;
		};
		CEE558D51EB8BF4C006D6D0D /* Build configuration list for PBXNativeTarget "RetroCalculatorUITests" */ = {
			isa = XCConfigurationList;
			buildConfigurations = (
				CEE558D61EB8BF4C006D6D0D /* Debug */,
				CEE558D71EB8BF4C006D6D0D /* Release */,
			);
			defaultConfigurationIsVisible = 0;
			defaultConfigurationName = Release;
		};
/* End XCConfigurationList section */
	};
	rootObject = CEE5589F1EB8BF4B006D6D0D /* Project object */;
}
